// !$*UTF8*$!
{
	archiveVersion = 1;
	classes = {
	};
	objectVersion = 50;
	objects = {

/* Begin PBXBuildFile section */
		F92F98C921356E940013C385 /* MonTabBar.swift in Sources */ = {isa = PBXBuildFile; fileRef = F92F98C821356E940013C385 /* MonTabBar.swift */; };
		F92F98CC21356EDD0013C385 /* Constantes.swift in Sources */ = {isa = PBXBuildFile; fileRef = F92F98CB21356EDD0013C385 /* Constantes.swift */; };
		F92F98CE213571F80013C385 /* MonNav.swift in Sources */ = {isa = PBXBuildFile; fileRef = F92F98CD213571F80013C385 /* MonNav.swift */; };
		F9BF2C6B21342A6C008A4D76 /* AppDelegate.swift in Sources */ = {isa = PBXBuildFile; fileRef = F9BF2C6A21342A6C008A4D76 /* AppDelegate.swift */; };
		F9BF2C7021342A6C008A4D76 /* Main.storyboard in Resources */ = {isa = PBXBuildFile; fileRef = F9BF2C6E21342A6C008A4D76 /* Main.storyboard */; };
		F9BF2C7221342A6D008A4D76 /* Assets.xcassets in Resources */ = {isa = PBXBuildFile; fileRef = F9BF2C7121342A6D008A4D76 /* Assets.xcassets */; };
		F9BF2C7521342A6D008A4D76 /* LaunchScreen.storyboard in Resources */ = {isa = PBXBuildFile; fileRef = F9BF2C7321342A6D008A4D76 /* LaunchScreen.storyboard */; };
		F9BF2C8021342CCC008A4D76 /* MenuController.swift in Sources */ = {isa = PBXBuildFile; fileRef = F9BF2C7F21342CCC008A4D76 /* MenuController.swift */; };
		F9BF2C8221342D27008A4D76 /* ALaCarteController.swift in Sources */ = {isa = PBXBuildFile; fileRef = F9BF2C8121342D27008A4D76 /* ALaCarteController.swift */; };
/* End PBXBuildFile section */

/* Begin PBXFileReference section */
		F92F98C821356E940013C385 /* MonTabBar.swift */ = {isa = PBXFileReference; lastKnownFileType = sourcecode.swift; path = MonTabBar.swift; sourceTree = "<group>"; };
		F92F98CB21356EDD0013C385 /* Constantes.swift */ = {isa = PBXFileReference; lastKnownFileType = sourcecode.swift; path = Constantes.swift; sourceTree = "<group>"; };
		F92F98CD213571F80013C385 /* MonNav.swift */ = {isa = PBXFileReference; lastKnownFileType = sourcecode.swift; path = MonNav.swift; sourceTree = "<group>"; };
		F9BF2C6721342A6C008A4D76 /* MonRestoDuMonde.app */ = {isa = PBXFileReference; explicitFileType = wrapper.application; includeInIndex = 0; path = MonRestoDuMonde.app; sourceTree = BUILT_PRODUCTS_DIR; };
		F9BF2C6A21342A6C008A4D76 /* AppDelegate.swift */ = {isa = PBXFileReference; lastKnownFileType = sourcecode.swift; path = AppDelegate.swift; sourceTree = "<group>"; };
		F9BF2C6F21342A6C008A4D76 /* Base */ = {isa = PBXFileReference; lastKnownFileType = file.storyboard; name = Base; path = Base.lproj/Main.storyboard; sourceTree = "<group>"; };
		F9BF2C7121342A6D008A4D76 /* Assets.xcassets */ = {isa = PBXFileReference; lastKnownFileType = folder.assetcatalog; path = Assets.xcassets; sourceTree = "<group>"; };
		F9BF2C7421342A6D008A4D76 /* Base */ = {isa = PBXFileReference; lastKnownFileType = file.storyboard; name = Base; path = Base.lproj/LaunchScreen.storyboard; sourceTree = "<group>"; };
		F9BF2C7621342A6D008A4D76 /* Info.plist */ = {isa = PBXFileReference; lastKnownFileType = text.plist.xml; path = Info.plist; sourceTree = "<group>"; };
		F9BF2C7F21342CCC008A4D76 /* MenuController.swift */ = {isa = PBXFileReference; lastKnownFileType = sourcecode.swift; path = MenuController.swift; sourceTree = "<group>"; };
		F9BF2C8121342D27008A4D76 /* ALaCarteController.swift */ = {isa = PBXFileReference; lastKnownFileType = sourcecode.swift; path = ALaCarteController.swift; sourceTree = "<group>"; };
/* End PBXFileReference section */

/* Begin PBXFrameworksBuildPhase section */
		F9BF2C6421342A6C008A4D76 /* Frameworks */ = {
			isa = PBXFrameworksBuildPhase;
			buildActionMask = 2147483647;
			files = (
			);
			runOnlyForDeploymentPostprocessing = 0;
		};
/* End PBXFrameworksBuildPhase section */

/* Begin PBXGroup section */
		F92F98CA21356EC20013C385 /* Utilitaires */ = {
			isa = PBXGroup;
			children = (
				F92F98CB21356EDD0013C385 /* Constantes.swift */,
			);
			path = Utilitaires;
			sourceTree = "<group>";
		};
		F9BF2C5E21342A6C008A4D76 = {
			isa = PBXGroup;
			children = (
				F9BF2C6921342A6C008A4D76 /* MonRestoDuMonde */,
				F9BF2C6821342A6C008A4D76 /* Products */,
			);
			sourceTree = "<group>";
		};
		F9BF2C6821342A6C008A4D76 /* Products */ = {
			isa = PBXGroup;
			children = (
				F9BF2C6721342A6C008A4D76 /* MonRestoDuMonde.app */,
			);
			name = Products;
			sourceTree = "<group>";
		};
		F9BF2C6921342A6C008A4D76 /* MonRestoDuMonde */ = {
			isa = PBXGroup;
			children = (
				F92F98CA21356EC20013C385 /* Utilitaires */,
				F9BF2C7C21342C4C008A4D76 /* Modele */,
				F9BF2C7D21342C5D008A4D76 /* Vue */,
				F9BF2C7E21342C65008A4D76 /* Controlleur */,
				F9BF2C6A21342A6C008A4D76 /* AppDelegate.swift */,
				F9BF2C6E21342A6C008A4D76 /* Main.storyboard */,
				F9BF2C7121342A6D008A4D76 /* Assets.xcassets */,
				F9BF2C7321342A6D008A4D76 /* LaunchScreen.storyboard */,
				F9BF2C7621342A6D008A4D76 /* Info.plist */,
			);
			path = MonRestoDuMonde;
			sourceTree = "<group>";
		};
		F9BF2C7C21342C4C008A4D76 /* Modele */ = {
			isa = PBXGroup;
			children = (
			);
			path = Modele;
			sourceTree = "<group>";
		};
		F9BF2C7D21342C5D008A4D76 /* Vue */ = {
			isa = PBXGroup;
			children = (
			);
			path = Vue;
			sourceTree = "<group>";
		};
		F9BF2C7E21342C65008A4D76 /* Controlleur */ = {
			isa = PBXGroup;
			children = (
				F9BF2C7F21342CCC008A4D76 /* MenuController.swift */,
				F9BF2C8121342D27008A4D76 /* ALaCarteController.swift */,
				F92F98C821356E940013C385 /* MonTabBar.swift */,
				F92F98CD213571F80013C385 /* MonNav.swift */,
			);
			path = Controlleur;
			sourceTree = "<group>";
		};
/* End PBXGroup section */

/* Begin PBXNativeTarget section */
		F9BF2C6621342A6C008A4D76 /* MonRestoDuMonde */ = {
			isa = PBXNativeTarget;
			buildConfigurationList = F9BF2C7921342A6D008A4D76 /* Build configuration list for PBXNativeTarget "MonRestoDuMonde" */;
			buildPhases = (
				F9BF2C6321342A6C008A4D76 /* Sources */,
				F9BF2C6421342A6C008A4D76 /* Frameworks */,
				F9BF2C6521342A6C008A4D76 /* Resources */,
			);
			buildRules = (
			);
			dependencies = (
			);
			name = MonRestoDuMonde;
			productName = MonRestoDuMonde;
			productReference = F9BF2C6721342A6C008A4D76 /* MonRestoDuMonde.app */;
			productType = "com.apple.product-type.application";
		};
/* End PBXNativeTarget section */

/* Begin PBXProject section */
		F9BF2C5F21342A6C008A4D76 /* Project object */ = {
			isa = PBXProject;
			attributes = {
				LastSwiftUpdateCheck = 0940;
				LastUpgradeCheck = 0940;
				ORGANIZATIONNAME = Julien;
				TargetAttributes = {
					F9BF2C6621342A6C008A4D76 = {
						CreatedOnToolsVersion = 9.4.1;
					};
				};
			};
			buildConfigurationList = F9BF2C6221342A6C008A4D76 /* Build configuration list for PBXProject "MonRestoDuMonde" */;
			compatibilityVersion = "Xcode 9.3";
			developmentRegion = en;
			hasScannedForEncodings = 0;
			knownRegions = (
				en,
				Base,
			);
			mainGroup = F9BF2C5E21342A6C008A4D76;
			productRefGroup = F9BF2C6821342A6C008A4D76 /* Products */;
			projectDirPath = "";
			projectRoot = "";
			targets = (
				F9BF2C6621342A6C008A4D76 /* MonRestoDuMonde */,
			);
		};
/* End PBXProject section */

/* Begin PBXResourcesBuildPhase section */
		F9BF2C6521342A6C008A4D76 /* Resources */ = {
			isa = PBXResourcesBuildPhase;
			buildActionMask = 2147483647;
			files = (
				F9BF2C7521342A6D008A4D76 /* LaunchScreen.storyboard in Resources */,
				F9BF2C7221342A6D008A4D76 /* Assets.xcassets in Resources */,
				F9BF2C7021342A6C008A4D76 /* Main.storyboard in Resources */,
			);
			runOnlyForDeploymentPostprocessing = 0;
		};
/* End PBXResourcesBuildPhase section */

/* Begin PBXSourcesBuildPhase section */
		F9BF2C6321342A6C008A4D76 /* Sources */ = {
			isa = PBXSourcesBuildPhase;
			buildActionMask = 2147483647;
			files = (
				F92F98CC21356EDD0013C385 /* Constantes.swift in Sources */,
				F92F98C921356E940013C385 /* MonTabBar.swift in Sources */,
				F92F98CE213571F80013C385 /* MonNav.swift in Sources */,
				F9BF2C8021342CCC008A4D76 /* MenuController.swift in Sources */,
				F9BF2C6B21342A6C008A4D76 /* AppDelegate.swift in Sources */,
				F9BF2C8221342D27008A4D76 /* ALaCarteController.swift in Sources */,
			);
			runOnlyForDeploymentPostprocessing = 0;
		};
/* End PBXSourcesBuildPhase section */

/* Begin PBXVariantGroup section */
		F9BF2C6E21342A6C008A4D76 /* Main.storyboard */ = {
			isa = PBXVariantGroup;
			children = (
				F9BF2C6F21342A6C008A4D76 /* Base */,
			);
			name = Main.storyboard;
			sourceTree = "<group>";
		};
		F9BF2C7321342A6D008A4D76 /* LaunchScreen.storyboard */ = {
			isa = PBXVariantGroup;
			children = (
				F9BF2C7421342A6D008A4D76 /* Base */,
			);
			name = LaunchScreen.storyboard;
			sourceTree = "<group>";
		};
/* End PBXVariantGroup section */

/* Begin XCBuildConfiguration section */
		F9BF2C7721342A6D008A4D76 /* Debug */ = {
			isa = XCBuildConfiguration;
			buildSettings = {
				ALWAYS_SEARCH_USER_PATHS = NO;
				CLANG_ANALYZER_NONNULL = YES;
				CLANG_ANALYZER_NUMBER_OBJECT_CONVERSION = YES_AGGRESSIVE;
				CLANG_CXX_LANGUAGE_STANDARD = "gnu++14";
				CLANG_CXX_LIBRARY = "libc++";
				CLANG_ENABLE_MODULES = YES;
				CLANG_ENABLE_OBJC_ARC = YES;
				CLANG_ENABLE_OBJC_WEAK = YES;
				CLANG_WARN_BLOCK_CAPTURE_AUTORELEASING = YES;
				CLANG_WARN_BOOL_CONVERSION = YES;
				CLANG_WARN_COMMA = YES;
				CLANG_WARN_CONSTANT_CONVERSION = YES;
				CLANG_WARN_DEPRECATED_OBJC_IMPLEMENTATIONS = YES;
				CLANG_WARN_DIRECT_OBJC_ISA_USAGE = YES_ERROR;
				CLANG_WARN_DOCUMENTATION_COMMENTS = YES;
				CLANG_WARN_EMPTY_BODY = YES;
				CLANG_WARN_ENUM_CONVERSION = YES;
				CLANG_WARN_INFINITE_RECURSION = YES;
				CLANG_WARN_INT_CONVERSION = YES;
				CLANG_WARN_NON_LITERAL_NULL_CONVERSION = YES;
				CLANG_WARN_OBJC_IMPLICIT_RETAIN_SELF = YES;
				CLANG_WARN_OBJC_LITERAL_CONVERSION = YES;
				CLANG_WARN_OBJC_ROOT_CLASS = YES_ERROR;
				CLANG_WARN_RANGE_LOOP_ANALYSIS = YES;
				CLANG_WARN_STRICT_PROTOTYPES = YES;
				CLANG_WARN_SUSPICIOUS_MOVE = YES;
				CLANG_WARN_UNGUARDED_AVAILABILITY = YES_AGGRESSIVE;
				CLANG_WARN_UNREACHABLE_CODE = YES;
				CLANG_WARN__DUPLICATE_METHOD_MATCH = YES;
				CODE_SIGN_IDENTITY = "iPhone Developer";
				COPY_PHASE_STRIP = NO;
				DEBUG_INFORMATION_FORMAT = dwarf;
				ENABLE_STRICT_OBJC_MSGSEND = YES;
				ENABLE_TESTABILITY = YES;
				GCC_C_LANGUAGE_STANDARD = gnu11;
				GCC_DYNAMIC_NO_PIC = NO;
				GCC_NO_COMMON_BLOCKS = YES;
				GCC_OPTIMIZATION_LEVEL = 0;
				GCC_PREPROCESSOR_DEFINITIONS = (
					"DEBUG=1",
					"$(inherited)",
				);
				GCC_WARN_64_TO_32_BIT_CONVERSION = YES;
				GCC_WARN_ABOUT_RETURN_TYPE = YES_ERROR;
				GCC_WARN_UNDECLARED_SELECTOR = YES;
				GCC_WARN_UNINITIALIZED_AUTOS = YES_AGGRESSIVE;
				GCC_WARN_UNUSED_FUNCTION = YES;
				GCC_WARN_UNUSED_VARIABLE = YES;
				IPHONEOS_DEPLOYMENT_TARGET = 11.4;
				MTL_ENABLE_DEBUG_INFO = YES;
				ONLY_ACTIVE_ARCH = YES;
				SDKROOT = iphoneos;
				SWIFT_ACTIVE_COMPILATION_CONDITIONS = DEBUG;
				SWIFT_OPTIMIZATION_LEVEL = "-Onone";
			};
			name = Debug;
		};
		F9BF2C7821342A6D008A4D76 /* Release */ = {
			isa = XCBuildConfiguration;
			buildSettings = {
				ALWAYS_SEARCH_USER_PATHS = NO;
				CLANG_ANALYZER_NONNULL = YES;
				CLANG_ANALYZER_NUMBER_OBJECT_CONVERSION = YES_AGGRESSIVE;
				CLANG_CXX_LANGUAGE_STANDARD = "gnu++14";
				CLANG_CXX_LIBRARY = "libc++";
				CLANG_ENABLE_MODULES = YES;
				CLANG_ENABLE_OBJC_ARC = YES;
				CLANG_ENABLE_OBJC_WEAK = YES;
				CLANG_WARN_BLOCK_CAPTURE_AUTORELEASING = YES;
				CLANG_WARN_BOOL_CONVERSION = YES;
				CLANG_WARN_COMMA = YES;
				CLANG_WARN_CONSTANT_CONVERSION = YES;
				CLANG_WARN_DEPRECATED_OBJC_IMPLEMENTATIONS = YES;
				CLANG_WARN_DIRECT_OBJC_ISA_USAGE = YES_ERROR;
				CLANG_WARN_DOCUMENTATION_COMMENTS = YES;
				CLANG_WARN_EMPTY_BODY = YES;
				CLANG_WARN_ENUM_CONVERSION = YES;
				CLANG_WARN_INFINITE_RECURSION = YES;
				CLANG_WARN_INT_CONVERSION = YES;
				CLANG_WARN_NON_LITERAL_NULL_CONVERSION = YES;
				CLANG_WARN_OBJC_IMPLICIT_RETAIN_SELF = YES;
				CLANG_WARN_OBJC_LITERAL_CONVERSION = YES;
				CLANG_WARN_OBJC_ROOT_CLASS = YES_ERROR;
				CLANG_WARN_RANGE_LOOP_ANALYSIS = YES;
				CLANG_WARN_STRICT_PROTOTYPES = YES;
				CLANG_WARN_SUSPICIOUS_MOVE = YES;
				CLANG_WARN_UNGUARDED_AVAILABILITY = YES_AGGRESSIVE;
				CLANG_WARN_UNREACHABLE_CODE = YES;
				CLANG_WARN__DUPLICATE_METHOD_MATCH = YES;
				CODE_SIGN_IDENTITY = "iPhone Developer";
				COPY_PHASE_STRIP = NO;
				DEBUG_INFORMATION_FORMAT = "dwarf-with-dsym";
				ENABLE_NS_ASSERTIONS = NO;
				ENABLE_STRICT_OBJC_MSGSEND = YES;
				GCC_C_LANGUAGE_STANDARD = gnu11;
				GCC_NO_COMMON_BLOCKS = YES;
				GCC_WARN_64_TO_32_BIT_CONVERSION = YES;
				GCC_WARN_ABOUT_RETURN_TYPE = YES_ERROR;
				GCC_WARN_UNDECLARED_SELECTOR = YES;
				GCC_WARN_UNINITIALIZED_AUTOS = YES_AGGRESSIVE;
				GCC_WARN_UNUSED_FUNCTION = YES;
				GCC_WARN_UNUSED_VARIABLE = YES;
				IPHONEOS_DEPLOYMENT_TARGET = 11.4;
				MTL_ENABLE_DEBUG_INFO = NO;
				SDKROOT = iphoneos;
				SWIFT_COMPILATION_MODE = wholemodule;
				SWIFT_OPTIMIZATION_LEVEL = "-O";
				VALIDATE_PRODUCT = YES;
			};
			name = Release;
		};
		F9BF2C7A21342A6D008A4D76 /* Debug */ = {
			isa = XCBuildConfiguration;
			buildSettings = {
				ASSETCATALOG_COMPILER_APPICON_NAME = AppIcon;
				CODE_SIGN_STYLE = Automatic;
				INFOPLIST_FILE = MonRestoDuMonde/Info.plist;
				LD_RUNPATH_SEARCH_PATHS = (
					"$(inherited)",
					"@executable_path/Frameworks",
				);
				PRODUCT_BUNDLE_IDENTIFIER = com.julien.MonRestoDuMonde;
				PRODUCT_NAME = "$(TARGET_NAME)";
				SWIFT_VERSION = 4.0;
				TARGETED_DEVICE_FAMILY = "1,2";
			};
			name = Debug;
		};
		F9BF2C7B21342A6D008A4D76 /* Release */ = {
			isa = XCBuildConfiguration;
			buildSettings = {
				ASSETCATALOG_COMPILER_APPICON_NAME = AppIcon;
				CODE_SIGN_STYLE = Automatic;
				INFOPLIST_FILE = MonRestoDuMonde/Info.plist;
				LD_RUNPATH_SEARCH_PATHS = (
					"$(inherited)",
					"@executable_path/Frameworks",
				);
				PRODUCT_BUNDLE_IDENTIFIER = com.julien.MonRestoDuMonde;
				PRODUCT_NAME = "$(TARGET_NAME)";
				SWIFT_VERSION = 4.0;
				TARGETED_DEVICE_FAMILY = "1,2";
			};
			name = Release;
		};
/* End XCBuildConfiguration section */

/* Begin XCConfigurationList section */
		F9BF2C6221342A6C008A4D76 /* Build configuration list for PBXProject "MonRestoDuMonde" */ = {
			isa = XCConfigurationList;
			buildConfigurations = (
				F9BF2C7721342A6D008A4D76 /* Debug */,
				F9BF2C7821342A6D008A4D76 /* Release */,
			);
			defaultConfigurationIsVisible = 0;
			defaultConfigurationName = Release;
		};
		F9BF2C7921342A6D008A4D76 /* Build configuration list for PBXNativeTarget "MonRestoDuMonde" */ = {
			isa = XCConfigurationList;
			buildConfigurations = (
				F9BF2C7A21342A6D008A4D76 /* Debug */,
				F9BF2C7B21342A6D008A4D76 /* Release */,
			);
			defaultConfigurationIsVisible = 0;
			defaultConfigurationName = Release;
		};
/* End XCConfigurationList section */
	};
	rootObject = F9BF2C5F21342A6C008A4D76 /* Project object */;
}
